
Microsoft Visual Studio Solution File, Format Version 12.00
# Visual Studio Version 16
VisualStudioVersion = 16.0.29424.173
MinimumVisualStudioVersion = 10.0.40219.1
Project("{9A19103F-16F7-4668-BE54-9A1E7A4F7556}") = "EcommerceWebApi", "EcommerceWebApi.csproj", "{9BEB43D6-8611-45BB-8BDC-7CC7D34627C6}"
EndProject
Project("{FAE04EC0-301F-11D3-BF4B-00C04F79EFBC}") = "EcommerceWebApi.Test", "..\EcommerceWebApi.Test\EcommerceWebApi.Test.csproj", "{23FDDAD7-F113-44F7-83AF-93567366C089}"
EndProject
Global
	GlobalSection(SolutionConfigurationPlatforms) = preSolution
		Debug|Any CPU = Debug|Any CPU
		Release|Any CPU = Release|Any CPU
	EndGlobalSection
	GlobalSection(ProjectConfigurationPlatforms) = postSolution
		{9BEB43D6-8611-45BB-8BDC-7CC7D34627C6}.Debug|Any CPU.ActiveCfg = Debug|Any CPU
		{9BEB43D6-8611-45BB-8BDC-7CC7D34627C6}.Debug|Any CPU.Build.0 = Debug|Any CPU
		{9BEB43D6-8611-45BB-8BDC-7CC7D34627C6}.Release|Any CPU.ActiveCfg = Release|Any CPU
		{9BEB43D6-8611-45BB-8BDC-7CC7D34627C6}.Release|Any CPU.Build.0 = Release|Any CPU
		{23FDDAD7-F113-44F7-83AF-93567366C089}.Debug|Any CPU.ActiveCfg = Debug|Any CPU
		{23FDDAD7-F113-44F7-83AF-93567366C089}.Debug|Any CPU.Build.0 = Debug|Any CPU
		{23FDDAD7-F113-44F7-83AF-93567366C089}.Release|Any CPU.ActiveCfg = Release|Any CPU
		{23FDDAD7-F113-44F7-83AF-93567366C089}.Release|Any CPU.Build.0 = Release|Any CPU
	EndGlobalSection
	GlobalSection(SolutionProperties) = preSolution
		HideSolutionNode = FALSE
	EndGlobalSection
	GlobalSection(ExtensibilityGlobals) = postSolution
		SolutionGuid = {8E82285B-13AF-47F1-827F-3CB748C5BD6B}
	EndGlobalSection
EndGlobal
